// !$*UTF8*$!
{
	archiveVersion = 1;
	classes = {
	};
	objectVersion = 50;
	objects = {

/* Begin PBXBuildFile section */
		785A73B7F0BEF63D36F3A8D1 /* Pods_TFLite_Model_Test.framework in Frameworks */ = {isa = PBXBuildFile; fileRef = 02B632525BA526C892D1EA6A /* Pods_TFLite_Model_Test.framework */; };
		B11E55CE22FB516B00F92437 /* exit_inception_48k_detector.tflite in Resources */ = {isa = PBXBuildFile; fileRef = B11E55CD22FB516B00F92437 /* exit_inception_48k_detector.tflite */; };
		B11E55D222FCC3B100F92437 /* VideoScreenVC.swift in Sources */ = {isa = PBXBuildFile; fileRef = B11E55D122FCC3B100F92437 /* VideoScreenVC.swift */; };
		B11E55D422FCC78000F92437 /* MainVC.swift in Sources */ = {isa = PBXBuildFile; fileRef = B11E55D322FCC78000F92437 /* MainVC.swift */; };
		B163BAEA22EF770500285E14 /* AppDelegate.swift in Sources */ = {isa = PBXBuildFile; fileRef = B163BAE922EF770500285E14 /* AppDelegate.swift */; };
		B163BAEF22EF770500285E14 /* Main.storyboard in Resources */ = {isa = PBXBuildFile; fileRef = B163BAED22EF770500285E14 /* Main.storyboard */; };
		B163BAF122EF770600285E14 /* Assets.xcassets in Resources */ = {isa = PBXBuildFile; fileRef = B163BAF022EF770600285E14 /* Assets.xcassets */; };
		B163BAF422EF770600285E14 /* LaunchScreen.storyboard in Resources */ = {isa = PBXBuildFile; fileRef = B163BAF222EF770600285E14 /* LaunchScreen.storyboard */; };
		B163BAFF22EF770600285E14 /* TFLite_Model_TestTests.swift in Sources */ = {isa = PBXBuildFile; fileRef = B163BAFE22EF770600285E14 /* TFLite_Model_TestTests.swift */; };
		B163BB0A22EF770600285E14 /* TFLite_Model_TestUITests.swift in Sources */ = {isa = PBXBuildFile; fileRef = B163BB0922EF770600285E14 /* TFLite_Model_TestUITests.swift */; };
		B163BB1C22F0B67200285E14 /* ModelHandler.swift in Sources */ = {isa = PBXBuildFile; fileRef = B163BB1B22F0B67200285E14 /* ModelHandler.swift */; };
		B163BB2022F203B600285E14 /* exit_sign_detector.tflite in Resources */ = {isa = PBXBuildFile; fileRef = B163BB1F22F203B600285E14 /* exit_sign_detector.tflite */; };
		B163BB2222F2041E00285E14 /* exit-labels.txt in Resources */ = {isa = PBXBuildFile; fileRef = B163BB2122F2041E00285E14 /* exit-labels.txt */; };
		B163BB2422F4FA5700285E14 /* text-labels.txt in Resources */ = {isa = PBXBuildFile; fileRef = B163BB2322F4FA5700285E14 /* text-labels.txt */; };
		B163BB2622F4FD3500285E14 /* text_detector_blur.tflite in Resources */ = {isa = PBXBuildFile; fileRef = B163BB2522F4FD3400285E14 /* text_detector_blur.tflite */; };
		DEC85BE58E0F543CD91E5CF1 /* Pods_TFLite_Model_TestUITests.framework in Frameworks */ = {isa = PBXBuildFile; fileRef = 25C9B5775BB9AAF5BBE94C45 /* Pods_TFLite_Model_TestUITests.framework */; };
		F81FD728093541C158B79A20 /* Pods_TFLite_Model_TestTests.framework in Frameworks */ = {isa = PBXBuildFile; fileRef = ED09F6E9E14DAA3B2FF71CB3 /* Pods_TFLite_Model_TestTests.framework */; };
/* End PBXBuildFile section */

/* Begin PBXContainerItemProxy section */
		B163BAFB22EF770600285E14 /* PBXContainerItemProxy */ = {
			isa = PBXContainerItemProxy;
			containerPortal = B163BADE22EF770500285E14 /* Project object */;
			proxyType = 1;
			remoteGlobalIDString = B163BAE522EF770500285E14;
			remoteInfo = "TFLite-Model-Test";
		};
		B163BB0622EF770600285E14 /* PBXContainerItemProxy */ = {
			isa = PBXContainerItemProxy;
			containerPortal = B163BADE22EF770500285E14 /* Project object */;
			proxyType = 1;
			remoteGlobalIDString = B163BAE522EF770500285E14;
			remoteInfo = "TFLite-Model-Test";
		};
/* End PBXContainerItemProxy section */

/* Begin PBXFileReference section */
		02B632525BA526C892D1EA6A /* Pods_TFLite_Model_Test.framework */ = {isa = PBXFileReference; explicitFileType = wrapper.framework; includeInIndex = 0; path = Pods_TFLite_Model_Test.framework; sourceTree = BUILT_PRODUCTS_DIR; };
		25C9B5775BB9AAF5BBE94C45 /* Pods_TFLite_Model_TestUITests.framework */ = {isa = PBXFileReference; explicitFileType = wrapper.framework; includeInIndex = 0; path = Pods_TFLite_Model_TestUITests.framework; sourceTree = BUILT_PRODUCTS_DIR; };
		54FBA715288ADB4E599DE928 /* Pods-TFLite-Model-TestTests.release.xcconfig */ = {isa = PBXFileReference; includeInIndex = 1; lastKnownFileType = text.xcconfig; name = "Pods-TFLite-Model-TestTests.release.xcconfig"; path = "Target Support Files/Pods-TFLite-Model-TestTests/Pods-TFLite-Model-TestTests.release.xcconfig"; sourceTree = "<group>"; };
		9550BACA08B54B85161D3960 /* Pods-TFLite-Model-Test.release.xcconfig */ = {isa = PBXFileReference; includeInIndex = 1; lastKnownFileType = text.xcconfig; name = "Pods-TFLite-Model-Test.release.xcconfig"; path = "Target Support Files/Pods-TFLite-Model-Test/Pods-TFLite-Model-Test.release.xcconfig"; sourceTree = "<group>"; };
		A73497C15879880DB7B07686 /* Pods-TFLite-Model-TestUITests.release.xcconfig */ = {isa = PBXFileReference; includeInIndex = 1; lastKnownFileType = text.xcconfig; name = "Pods-TFLite-Model-TestUITests.release.xcconfig"; path = "Target Support Files/Pods-TFLite-Model-TestUITests/Pods-TFLite-Model-TestUITests.release.xcconfig"; sourceTree = "<group>"; };
		B11E55CD22FB516B00F92437 /* exit_inception_48k_detector.tflite */ = {isa = PBXFileReference; lastKnownFileType = file; name = exit_inception_48k_detector.tflite; path = Data/TFLiteModels/exit_inception_48k_detector.tflite; sourceTree = "<group>"; };
		B11E55D122FCC3B100F92437 /* VideoScreenVC.swift */ = {isa = PBXFileReference; fileEncoding = 4; lastKnownFileType = sourcecode.swift; path = VideoScreenVC.swift; sourceTree = "<group>"; };
		B11E55D322FCC78000F92437 /* MainVC.swift */ = {isa = PBXFileReference; fileEncoding = 4; lastKnownFileType = sourcecode.swift; path = MainVC.swift; sourceTree = "<group>"; };
		B163BAE622EF770500285E14 /* TFLite-Model-Test.app */ = {isa = PBXFileReference; explicitFileType = wrapper.application; includeInIndex = 0; path = "TFLite-Model-Test.app"; sourceTree = BUILT_PRODUCTS_DIR; };
		B163BAE922EF770500285E14 /* AppDelegate.swift */ = {isa = PBXFileReference; lastKnownFileType = sourcecode.swift; path = AppDelegate.swift; sourceTree = "<group>"; };
		B163BAEE22EF770500285E14 /* Base */ = {isa = PBXFileReference; lastKnownFileType = file.storyboard; name = Base; path = Base.lproj/Main.storyboard; sourceTree = "<group>"; };
		B163BAF022EF770600285E14 /* Assets.xcassets */ = {isa = PBXFileReference; lastKnownFileType = folder.assetcatalog; path = Assets.xcassets; sourceTree = "<group>"; };
		B163BAF322EF770600285E14 /* Base */ = {isa = PBXFileReference; lastKnownFileType = file.storyboard; name = Base; path = Base.lproj/LaunchScreen.storyboard; sourceTree = "<group>"; };
		B163BAF522EF770600285E14 /* Info.plist */ = {isa = PBXFileReference; lastKnownFileType = text.plist.xml; path = Info.plist; sourceTree = "<group>"; };
		B163BAFA22EF770600285E14 /* TFLite-Model-TestTests.xctest */ = {isa = PBXFileReference; explicitFileType = wrapper.cfbundle; includeInIndex = 0; path = "TFLite-Model-TestTests.xctest"; sourceTree = BUILT_PRODUCTS_DIR; };
		B163BAFE22EF770600285E14 /* TFLite_Model_TestTests.swift */ = {isa = PBXFileReference; lastKnownFileType = sourcecode.swift; path = TFLite_Model_TestTests.swift; sourceTree = "<group>"; };
		B163BB0022EF770600285E14 /* Info.plist */ = {isa = PBXFileReference; lastKnownFileType = text.plist.xml; path = Info.plist; sourceTree = "<group>"; };
		B163BB0522EF770600285E14 /* TFLite-Model-TestUITests.xctest */ = {isa = PBXFileReference; explicitFileType = wrapper.cfbundle; includeInIndex = 0; path = "TFLite-Model-TestUITests.xctest"; sourceTree = BUILT_PRODUCTS_DIR; };
		B163BB0922EF770600285E14 /* TFLite_Model_TestUITests.swift */ = {isa = PBXFileReference; lastKnownFileType = sourcecode.swift; path = TFLite_Model_TestUITests.swift; sourceTree = "<group>"; };
		B163BB0B22EF770600285E14 /* Info.plist */ = {isa = PBXFileReference; lastKnownFileType = text.plist.xml; path = Info.plist; sourceTree = "<group>"; };
		B163BB1B22F0B67200285E14 /* ModelHandler.swift */ = {isa = PBXFileReference; lastKnownFileType = sourcecode.swift; path = ModelHandler.swift; sourceTree = "<group>"; };
		B163BB1F22F203B600285E14 /* exit_sign_detector.tflite */ = {isa = PBXFileReference; lastKnownFileType = file; name = exit_sign_detector.tflite; path = Data/TFLiteModels/exit_sign_detector.tflite; sourceTree = "<group>"; };
		B163BB2122F2041E00285E14 /* exit-labels.txt */ = {isa = PBXFileReference; fileEncoding = 4; lastKnownFileType = text; name = "exit-labels.txt"; path = "Data/TFLiteLabels/exit-labels.txt"; sourceTree = "<group>"; };
		B163BB2322F4FA5700285E14 /* text-labels.txt */ = {isa = PBXFileReference; fileEncoding = 4; lastKnownFileType = text; name = "text-labels.txt"; path = "Data/TFLiteLabels/text-labels.txt"; sourceTree = "<group>"; };
		B163BB2522F4FD3400285E14 /* text_detector_blur.tflite */ = {isa = PBXFileReference; lastKnownFileType = file; name = text_detector_blur.tflite; path = Data/TFLiteModels/text_detector_blur.tflite; sourceTree = "<group>"; };
		BF2ED6B69D739D97B130817A /* Pods-TFLite-Model-TestUITests.debug.xcconfig */ = {isa = PBXFileReference; includeInIndex = 1; lastKnownFileType = text.xcconfig; name = "Pods-TFLite-Model-TestUITests.debug.xcconfig"; path = "Target Support Files/Pods-TFLite-Model-TestUITests/Pods-TFLite-Model-TestUITests.debug.xcconfig"; sourceTree = "<group>"; };
		ED09F6E9E14DAA3B2FF71CB3 /* Pods_TFLite_Model_TestTests.framework */ = {isa = PBXFileReference; explicitFileType = wrapper.framework; includeInIndex = 0; path = Pods_TFLite_Model_TestTests.framework; sourceTree = BUILT_PRODUCTS_DIR; };
		EFC500C9D2E1F0C36AC474E4 /* Pods-TFLite-Model-TestTests.debug.xcconfig */ = {isa = PBXFileReference; includeInIndex = 1; lastKnownFileType = text.xcconfig; name = "Pods-TFLite-Model-TestTests.debug.xcconfig"; path = "Target Support Files/Pods-TFLite-Model-TestTests/Pods-TFLite-Model-TestTests.debug.xcconfig"; sourceTree = "<group>"; };
		FC33F8423533DB4455A3726B /* Pods-TFLite-Model-Test.debug.xcconfig */ = {isa = PBXFileReference; includeInIndex = 1; lastKnownFileType = text.xcconfig; name = "Pods-TFLite-Model-Test.debug.xcconfig"; path = "Target Support Files/Pods-TFLite-Model-Test/Pods-TFLite-Model-Test.debug.xcconfig"; sourceTree = "<group>"; };
/* End PBXFileReference section */

/* Begin PBXFrameworksBuildPhase section */
		B163BAE322EF770500285E14 /* Frameworks */ = {
			isa = PBXFrameworksBuildPhase;
			buildActionMask = 2147483647;
			files = (
				785A73B7F0BEF63D36F3A8D1 /* Pods_TFLite_Model_Test.framework in Frameworks */,
			);
			runOnlyForDeploymentPostprocessing = 0;
		};
		B163BAF722EF770600285E14 /* Frameworks */ = {
			isa = PBXFrameworksBuildPhase;
			buildActionMask = 2147483647;
			files = (
				F81FD728093541C158B79A20 /* Pods_TFLite_Model_TestTests.framework in Frameworks */,
			);
			runOnlyForDeploymentPostprocessing = 0;
		};
		B163BB0222EF770600285E14 /* Frameworks */ = {
			isa = PBXFrameworksBuildPhase;
			buildActionMask = 2147483647;
			files = (
				DEC85BE58E0F543CD91E5CF1 /* Pods_TFLite_Model_TestUITests.framework in Frameworks */,
			);
			runOnlyForDeploymentPostprocessing = 0;
		};
/* End PBXFrameworksBuildPhase section */

/* Begin PBXGroup section */
		06FDF211692687AB11D2D304 /* Frameworks */ = {
			isa = PBXGroup;
			children = (
				02B632525BA526C892D1EA6A /* Pods_TFLite_Model_Test.framework */,
				ED09F6E9E14DAA3B2FF71CB3 /* Pods_TFLite_Model_TestTests.framework */,
				25C9B5775BB9AAF5BBE94C45 /* Pods_TFLite_Model_TestUITests.framework */,
			);
			name = Frameworks;
			sourceTree = "<group>";
		};
		57CA5BF97B22C53AA1CABF02 /* Pods */ = {
			isa = PBXGroup;
			children = (
				FC33F8423533DB4455A3726B /* Pods-TFLite-Model-Test.debug.xcconfig */,
				9550BACA08B54B85161D3960 /* Pods-TFLite-Model-Test.release.xcconfig */,
				EFC500C9D2E1F0C36AC474E4 /* Pods-TFLite-Model-TestTests.debug.xcconfig */,
				54FBA715288ADB4E599DE928 /* Pods-TFLite-Model-TestTests.release.xcconfig */,
				BF2ED6B69D739D97B130817A /* Pods-TFLite-Model-TestUITests.debug.xcconfig */,
				A73497C15879880DB7B07686 /* Pods-TFLite-Model-TestUITests.release.xcconfig */,
			);
			path = Pods;
			sourceTree = "<group>";
		};
		B163BADD22EF770500285E14 = {
			isa = PBXGroup;
			children = (
				B163BAE822EF770500285E14 /* TFLite-Model-Test */,
				B163BAFD22EF770600285E14 /* TFLite-Model-TestTests */,
				B163BB0822EF770600285E14 /* TFLite-Model-TestUITests */,
				B163BAE722EF770500285E14 /* Products */,
				57CA5BF97B22C53AA1CABF02 /* Pods */,
				06FDF211692687AB11D2D304 /* Frameworks */,
			);
			sourceTree = "<group>";
		};
		B163BAE722EF770500285E14 /* Products */ = {
			isa = PBXGroup;
			children = (
				B163BAE622EF770500285E14 /* TFLite-Model-Test.app */,
				B163BAFA22EF770600285E14 /* TFLite-Model-TestTests.xctest */,
				B163BB0522EF770600285E14 /* TFLite-Model-TestUITests.xctest */,
			);
			name = Products;
			sourceTree = "<group>";
		};
		B163BAE822EF770500285E14 /* TFLite-Model-Test */ = {
			isa = PBXGroup;
			children = (
				B163BB2122F2041E00285E14 /* exit-labels.txt */,
				B163BB2322F4FA5700285E14 /* text-labels.txt */,
				B163BB1F22F203B600285E14 /* exit_sign_detector.tflite */,
				B163BAE922EF770500285E14 /* AppDelegate.swift */,
				B11E55D322FCC78000F92437 /* MainVC.swift */,
				B11E55CD22FB516B00F92437 /* exit_inception_48k_detector.tflite */,
				B163BB1B22F0B67200285E14 /* ModelHandler.swift */,
				B11E55D122FCC3B100F92437 /* VideoScreenVC.swift */,
				B163BAED22EF770500285E14 /* Main.storyboard */,
				B163BAF022EF770600285E14 /* Assets.xcassets */,
				B163BB2522F4FD3400285E14 /* text_detector_blur.tflite */,
				B163BAF222EF770600285E14 /* LaunchScreen.storyboard */,
				B163BAF522EF770600285E14 /* Info.plist */,
			);
			path = "TFLite-Model-Test";
			sourceTree = "<group>";
		};
		B163BAFD22EF770600285E14 /* TFLite-Model-TestTests */ = {
			isa = PBXGroup;
			children = (
				B163BAFE22EF770600285E14 /* TFLite_Model_TestTests.swift */,
				B163BB0022EF770600285E14 /* Info.plist */,
			);
			path = "TFLite-Model-TestTests";
			sourceTree = "<group>";
		};
		B163BB0822EF770600285E14 /* TFLite-Model-TestUITests */ = {
			isa = PBXGroup;
			children = (
				B163BB0922EF770600285E14 /* TFLite_Model_TestUITests.swift */,
				B163BB0B22EF770600285E14 /* Info.plist */,
			);
			path = "TFLite-Model-TestUITests";
			sourceTree = "<group>";
		};
/* End PBXGroup section */

/* Begin PBXNativeTarget section */
		B163BAE522EF770500285E14 /* TFLite-Model-Test */ = {
			isa = PBXNativeTarget;
			buildConfigurationList = B163BB0E22EF770600285E14 /* Build configuration list for PBXNativeTarget "TFLite-Model-Test" */;
			buildPhases = (
				DD1AF8818B3296E09848F6A5 /* [CP] Check Pods Manifest.lock */,
				B163BAE222EF770500285E14 /* Sources */,
				B163BAE322EF770500285E14 /* Frameworks */,
				B163BAE422EF770500285E14 /* Resources */,
			);
			buildRules = (
			);
			dependencies = (
			);
			name = "TFLite-Model-Test";
			productName = "TFLite-Model-Test";
			productReference = B163BAE622EF770500285E14 /* TFLite-Model-Test.app */;
			productType = "com.apple.product-type.application";
		};
		B163BAF922EF770600285E14 /* TFLite-Model-TestTests */ = {
			isa = PBXNativeTarget;
			buildConfigurationList = B163BB1122EF770600285E14 /* Build configuration list for PBXNativeTarget "TFLite-Model-TestTests" */;
			buildPhases = (
				F60ECD77AD46A618320292BA /* [CP] Check Pods Manifest.lock */,
				B163BAF622EF770600285E14 /* Sources */,
				B163BAF722EF770600285E14 /* Frameworks */,
				B163BAF822EF770600285E14 /* Resources */,
			);
			buildRules = (
			);
			dependencies = (
				B163BAFC22EF770600285E14 /* PBXTargetDependency */,
			);
			name = "TFLite-Model-TestTests";
			productName = "TFLite-Model-TestTests";
			productReference = B163BAFA22EF770600285E14 /* TFLite-Model-TestTests.xctest */;
			productType = "com.apple.product-type.bundle.unit-test";
		};
		B163BB0422EF770600285E14 /* TFLite-Model-TestUITests */ = {
			isa = PBXNativeTarget;
			buildConfigurationList = B163BB1422EF770600285E14 /* Build configuration list for PBXNativeTarget "TFLite-Model-TestUITests" */;
			buildPhases = (
				70EA202FDF10937F929FAC8B /* [CP] Check Pods Manifest.lock */,
				B163BB0122EF770600285E14 /* Sources */,
				B163BB0222EF770600285E14 /* Frameworks */,
				B163BB0322EF770600285E14 /* Resources */,
			);
			buildRules = (
			);
			dependencies = (
				B163BB0722EF770600285E14 /* PBXTargetDependency */,
			);
			name = "TFLite-Model-TestUITests";
			productName = "TFLite-Model-TestUITests";
			productReference = B163BB0522EF770600285E14 /* TFLite-Model-TestUITests.xctest */;
			productType = "com.apple.product-type.bundle.ui-testing";
		};
/* End PBXNativeTarget section */

/* Begin PBXProject section */
		B163BADE22EF770500285E14 /* Project object */ = {
			isa = PBXProject;
			attributes = {
				KnownAssetTags = (
					conf,
				);
				LastSwiftUpdateCheck = 1020;
				LastUpgradeCheck = 1020;
				ORGANIZATIONNAME = "Leo Neat";
				TargetAttributes = {
					B163BAE522EF770500285E14 = {
						CreatedOnToolsVersion = 10.2.1;
					};
					B163BAF922EF770600285E14 = {
						CreatedOnToolsVersion = 10.2.1;
						TestTargetID = B163BAE522EF770500285E14;
					};
					B163BB0422EF770600285E14 = {
						CreatedOnToolsVersion = 10.2.1;
						TestTargetID = B163BAE522EF770500285E14;
					};
				};
			};
			buildConfigurationList = B163BAE122EF770500285E14 /* Build configuration list for PBXProject "TFLite-Model-Test" */;
			compatibilityVersion = "Xcode 9.3";
			developmentRegion = en;
			hasScannedForEncodings = 0;
			knownRegions = (
				en,
				Base,
			);
			mainGroup = B163BADD22EF770500285E14;
			productRefGroup = B163BAE722EF770500285E14 /* Products */;
			projectDirPath = "";
			projectRoot = "";
			targets = (
				B163BAE522EF770500285E14 /* TFLite-Model-Test */,
				B163BAF922EF770600285E14 /* TFLite-Model-TestTests */,
				B163BB0422EF770600285E14 /* TFLite-Model-TestUITests */,
			);
		};
/* End PBXProject section */

/* Begin PBXResourcesBuildPhase section */
		B163BAE422EF770500285E14 /* Resources */ = {
			isa = PBXResourcesBuildPhase;
			buildActionMask = 2147483647;
			files = (
				B163BAF422EF770600285E14 /* LaunchScreen.storyboard in Resources */,
				B163BB2622F4FD3500285E14 /* text_detector_blur.tflite in Resources */,
				B163BAF122EF770600285E14 /* Assets.xcassets in Resources */,
				B163BB2222F2041E00285E14 /* exit-labels.txt in Resources */,
				B163BB2022F203B600285E14 /* exit_sign_detector.tflite in Resources */,
				B11E55CE22FB516B00F92437 /* exit_inception_48k_detector.tflite in Resources */,
				B163BB2422F4FA5700285E14 /* text-labels.txt in Resources */,
				B163BAEF22EF770500285E14 /* Main.storyboard in Resources */,
			);
			runOnlyForDeploymentPostprocessing = 0;
		};
		B163BAF822EF770600285E14 /* Resources */ = {
			isa = PBXResourcesBuildPhase;
			buildActionMask = 2147483647;
			files = (
			);
			runOnlyForDeploymentPostprocessing = 0;
		};
		B163BB0322EF770600285E14 /* Resources */ = {
			isa = PBXResourcesBuildPhase;
			buildActionMask = 2147483647;
			files = (
			);
			runOnlyForDeploymentPostprocessing = 0;
		};
/* End PBXResourcesBuildPhase section */

/* Begin PBXShellScriptBuildPhase section */
		70EA202FDF10937F929FAC8B /* [CP] Check Pods Manifest.lock */ = {
			isa = PBXShellScriptBuildPhase;
			buildActionMask = 2147483647;
			files = (
			);
			inputFileListPaths = (
			);
			inputPaths = (
				"${PODS_PODFILE_DIR_PATH}/Podfile.lock",
				"${PODS_ROOT}/Manifest.lock",
			);
			name = "[CP] Check Pods Manifest.lock";
			outputFileListPaths = (
			);
			outputPaths = (
				"$(DERIVED_FILE_DIR)/Pods-TFLite-Model-TestUITests-checkManifestLockResult.txt",
			);
			runOnlyForDeploymentPostprocessing = 0;
			shellPath = /bin/sh;
			shellScript = "diff \"${PODS_PODFILE_DIR_PATH}/Podfile.lock\" \"${PODS_ROOT}/Manifest.lock\" > /dev/null\nif [ $? != 0 ] ; then\n    # print error to STDERR\n    echo \"error: The sandbox is not in sync with the Podfile.lock. Run 'pod install' or update your CocoaPods installation.\" >&2\n    exit 1\nfi\n# This output is used by Xcode 'outputs' to avoid re-running this script phase.\necho \"SUCCESS\" > \"${SCRIPT_OUTPUT_FILE_0}\"\n";
			showEnvVarsInLog = 0;
		};
		DD1AF8818B3296E09848F6A5 /* [CP] Check Pods Manifest.lock */ = {
			isa = PBXShellScriptBuildPhase;
			buildActionMask = 2147483647;
			files = (
			);
			inputFileListPaths = (
			);
			inputPaths = (
				"${PODS_PODFILE_DIR_PATH}/Podfile.lock",
				"${PODS_ROOT}/Manifest.lock",
			);
			name = "[CP] Check Pods Manifest.lock";
			outputFileListPaths = (
			);
			outputPaths = (
				"$(DERIVED_FILE_DIR)/Pods-TFLite-Model-Test-checkManifestLockResult.txt",
			);
			runOnlyForDeploymentPostprocessing = 0;
			shellPath = /bin/sh;
			shellScript = "diff \"${PODS_PODFILE_DIR_PATH}/Podfile.lock\" \"${PODS_ROOT}/Manifest.lock\" > /dev/null\nif [ $? != 0 ] ; then\n    # print error to STDERR\n    echo \"error: The sandbox is not in sync with the Podfile.lock. Run 'pod install' or update your CocoaPods installation.\" >&2\n    exit 1\nfi\n# This output is used by Xcode 'outputs' to avoid re-running this script phase.\necho \"SUCCESS\" > \"${SCRIPT_OUTPUT_FILE_0}\"\n";
			showEnvVarsInLog = 0;
		};
		F60ECD77AD46A618320292BA /* [CP] Check Pods Manifest.lock */ = {
			isa = PBXShellScriptBuildPhase;
			buildActionMask = 2147483647;
			files = (
			);
			inputFileListPaths = (
			);
			inputPaths = (
				"${PODS_PODFILE_DIR_PATH}/Podfile.lock",
				"${PODS_ROOT}/Manifest.lock",
			);
			name = "[CP] Check Pods Manifest.lock";
			outputFileListPaths = (
			);
			outputPaths = (
				"$(DERIVED_FILE_DIR)/Pods-TFLite-Model-TestTests-checkManifestLockResult.txt",
			);
			runOnlyForDeploymentPostprocessing = 0;
			shellPath = /bin/sh;
			shellScript = "diff \"${PODS_PODFILE_DIR_PATH}/Podfile.lock\" \"${PODS_ROOT}/Manifest.lock\" > /dev/null\nif [ $? != 0 ] ; then\n    # print error to STDERR\n    echo \"error: The sandbox is not in sync with the Podfile.lock. Run 'pod install' or update your CocoaPods installation.\" >&2\n    exit 1\nfi\n# This output is used by Xcode 'outputs' to avoid re-running this script phase.\necho \"SUCCESS\" > \"${SCRIPT_OUTPUT_FILE_0}\"\n";
			showEnvVarsInLog = 0;
		};
/* End PBXShellScriptBuildPhase section */

/* Begin PBXSourcesBuildPhase section */
		B163BAE222EF770500285E14 /* Sources */ = {
			isa = PBXSourcesBuildPhase;
			buildActionMask = 2147483647;
			files = (
				B11E55D422FCC78000F92437 /* MainVC.swift in Sources */,
				B163BB1C22F0B67200285E14 /* ModelHandler.swift in Sources */,
				B11E55D222FCC3B100F92437 /* VideoScreenVC.swift in Sources */,
				B163BAEA22EF770500285E14 /* AppDelegate.swift in Sources */,
			);
			runOnlyForDeploymentPostprocessing = 0;
		};
		B163BAF622EF770600285E14 /* Sources */ = {
			isa = PBXSourcesBuildPhase;
			buildActionMask = 2147483647;
			files = (
				B163BAFF22EF770600285E14 /* TFLite_Model_TestTests.swift in Sources */,
			);
			runOnlyForDeploymentPostprocessing = 0;
		};
		B163BB0122EF770600285E14 /* Sources */ = {
			isa = PBXSourcesBuildPhase;
			buildActionMask = 2147483647;
			files = (
				B163BB0A22EF770600285E14 /* TFLite_Model_TestUITests.swift in Sources */,
			);
			runOnlyForDeploymentPostprocessing = 0;
		};
/* End PBXSourcesBuildPhase section */

/* Begin PBXTargetDependency section */
		B163BAFC22EF770600285E14 /* PBXTargetDependency */ = {
			isa = PBXTargetDependency;
			target = B163BAE522EF770500285E14 /* TFLite-Model-Test */;
			targetProxy = B163BAFB22EF770600285E14 /* PBXContainerItemProxy */;
		};
		B163BB0722EF770600285E14 /* PBXTargetDependency */ = {
			isa = PBXTargetDependency;
			target = B163BAE522EF770500285E14 /* TFLite-Model-Test */;
			targetProxy = B163BB0622EF770600285E14 /* PBXContainerItemProxy */;
		};
/* End PBXTargetDependency section */

/* Begin PBXVariantGroup section */
		B163BAED22EF770500285E14 /* Main.storyboard */ = {
			isa = PBXVariantGroup;
			children = (
				B163BAEE22EF770500285E14 /* Base */,
			);
			name = Main.storyboard;
			sourceTree = "<group>";
		};
		B163BAF222EF770600285E14 /* LaunchScreen.storyboard */ = {
			isa = PBXVariantGroup;
			children = (
				B163BAF322EF770600285E14 /* Base */,
			);
			name = LaunchScreen.storyboard;
			sourceTree = "<group>";
		};
/* End PBXVariantGroup section */

/* Begin XCBuildConfiguration section */
		B163BB0C22EF770600285E14 /* Debug */ = {
			isa = XCBuildConfiguration;
			buildSettings = {
				ALWAYS_SEARCH_USER_PATHS = NO;
				CLANG_ANALYZER_NONNULL = YES;
				CLANG_ANALYZER_NUMBER_OBJECT_CONVERSION = YES_AGGRESSIVE;
				CLANG_CXX_LANGUAGE_STANDARD = "gnu++14";
				CLANG_CXX_LIBRARY = "libc++";
				CLANG_ENABLE_MODULES = YES;
				CLANG_ENABLE_OBJC_ARC = YES;
				CLANG_ENABLE_OBJC_WEAK = YES;
				CLANG_WARN_BLOCK_CAPTURE_AUTORELEASING = YES;
				CLANG_WARN_BOOL_CONVERSION = YES;
				CLANG_WARN_COMMA = YES;
				CLANG_WARN_CONSTANT_CONVERSION = YES;
				CLANG_WARN_DEPRECATED_OBJC_IMPLEMENTATIONS = YES;
				CLANG_WARN_DIRECT_OBJC_ISA_USAGE = YES_ERROR;
				CLANG_WARN_DOCUMENTATION_COMMENTS = YES;
				CLANG_WARN_EMPTY_BODY = YES;
				CLANG_WARN_ENUM_CONVERSION = YES;
				CLANG_WARN_INFINITE_RECURSION = YES;
				CLANG_WARN_INT_CONVERSION = YES;
				CLANG_WARN_NON_LITERAL_NULL_CONVERSION = YES;
				CLANG_WARN_OBJC_IMPLICIT_RETAIN_SELF = YES;
				CLANG_WARN_OBJC_LITERAL_CONVERSION = YES;
				CLANG_WARN_OBJC_ROOT_CLASS = YES_ERROR;
				CLANG_WARN_RANGE_LOOP_ANALYSIS = YES;
				CLANG_WARN_STRICT_PROTOTYPES = YES;
				CLANG_WARN_SUSPICIOUS_MOVE = YES;
				CLANG_WARN_UNGUARDED_AVAILABILITY = YES_AGGRESSIVE;
				CLANG_WARN_UNREACHABLE_CODE = YES;
				CLANG_WARN__DUPLICATE_METHOD_MATCH = YES;
				CODE_SIGN_IDENTITY = "iPhone Developer";
				COPY_PHASE_STRIP = NO;
				DEBUG_INFORMATION_FORMAT = dwarf;
				ENABLE_STRICT_OBJC_MSGSEND = YES;
				ENABLE_TESTABILITY = YES;
				GCC_C_LANGUAGE_STANDARD = gnu11;
				GCC_DYNAMIC_NO_PIC = NO;
				GCC_NO_COMMON_BLOCKS = YES;
				GCC_OPTIMIZATION_LEVEL = 0;
				GCC_PREPROCESSOR_DEFINITIONS = (
					"DEBUG=1",
					"$(inherited)",
				);
				GCC_WARN_64_TO_32_BIT_CONVERSION = YES;
				GCC_WARN_ABOUT_RETURN_TYPE = YES_ERROR;
				GCC_WARN_UNDECLARED_SELECTOR = YES;
				GCC_WARN_UNINITIALIZED_AUTOS = YES_AGGRESSIVE;
				GCC_WARN_UNUSED_FUNCTION = YES;
				GCC_WARN_UNUSED_VARIABLE = YES;
				IPHONEOS_DEPLOYMENT_TARGET = 12.2;
				MTL_ENABLE_DEBUG_INFO = INCLUDE_SOURCE;
				MTL_FAST_MATH = YES;
				ONLY_ACTIVE_ARCH = YES;
				SDKROOT = iphoneos;
				SWIFT_ACTIVE_COMPILATION_CONDITIONS = DEBUG;
				SWIFT_OPTIMIZATION_LEVEL = "-Onone";
			};
			name = Debug;
		};
		B163BB0D22EF770600285E14 /* Release */ = {
			isa = XCBuildConfiguration;
			buildSettings = {
				ALWAYS_SEARCH_USER_PATHS = NO;
				CLANG_ANALYZER_NONNULL = YES;
				CLANG_ANALYZER_NUMBER_OBJECT_CONVERSION = YES_AGGRESSIVE;
				CLANG_CXX_LANGUAGE_STANDARD = "gnu++14";
				CLANG_CXX_LIBRARY = "libc++";
				CLANG_ENABLE_MODULES = YES;
				CLANG_ENABLE_OBJC_ARC = YES;
				CLANG_ENABLE_OBJC_WEAK = YES;
				CLANG_WARN_BLOCK_CAPTURE_AUTORELEASING = YES;
				CLANG_WARN_BOOL_CONVERSION = YES;
				CLANG_WARN_COMMA = YES;
				CLANG_WARN_CONSTANT_CONVERSION = YES;
				CLANG_WARN_DEPRECATED_OBJC_IMPLEMENTATIONS = YES;
				CLANG_WARN_DIRECT_OBJC_ISA_USAGE = YES_ERROR;
				CLANG_WARN_DOCUMENTATION_COMMENTS = YES;
				CLANG_WARN_EMPTY_BODY = YES;
				CLANG_WARN_ENUM_CONVERSION = YES;
				CLANG_WARN_INFINITE_RECURSION = YES;
				CLANG_WARN_INT_CONVERSION = YES;
				CLANG_WARN_NON_LITERAL_NULL_CONVERSION = YES;
				CLANG_WARN_OBJC_IMPLICIT_RETAIN_SELF = YES;
				CLANG_WARN_OBJC_LITERAL_CONVERSION = YES;
				CLANG_WARN_OBJC_ROOT_CLASS = YES_ERROR;
				CLANG_WARN_RANGE_LOOP_ANALYSIS = YES;
				CLANG_WARN_STRICT_PROTOTYPES = YES;
				CLANG_WARN_SUSPICIOUS_MOVE = YES;
				CLANG_WARN_UNGUARDED_AVAILABILITY = YES_AGGRESSIVE;
				CLANG_WARN_UNREACHABLE_CODE = YES;
				CLANG_WARN__DUPLICATE_METHOD_MATCH = YES;
				CODE_SIGN_IDENTITY = "iPhone Developer";
				COPY_PHASE_STRIP = NO;
				DEBUG_INFORMATION_FORMAT = "dwarf-with-dsym";
				ENABLE_NS_ASSERTIONS = NO;
				ENABLE_STRICT_OBJC_MSGSEND = YES;
				GCC_C_LANGUAGE_STANDARD = gnu11;
				GCC_NO_COMMON_BLOCKS = YES;
				GCC_WARN_64_TO_32_BIT_CONVERSION = YES;
				GCC_WARN_ABOUT_RETURN_TYPE = YES_ERROR;
				GCC_WARN_UNDECLARED_SELECTOR = YES;
				GCC_WARN_UNINITIALIZED_AUTOS = YES_AGGRESSIVE;
				GCC_WARN_UNUSED_FUNCTION = YES;
				GCC_WARN_UNUSED_VARIABLE = YES;
				IPHONEOS_DEPLOYMENT_TARGET = 12.2;
				MTL_ENABLE_DEBUG_INFO = NO;
				MTL_FAST_MATH = YES;
				SDKROOT = iphoneos;
				SWIFT_COMPILATION_MODE = wholemodule;
				SWIFT_OPTIMIZATION_LEVEL = "-O";
				VALIDATE_PRODUCT = YES;
			};
			name = Release;
		};
		B163BB0F22EF770600285E14 /* Debug */ = {
			isa = XCBuildConfiguration;
			baseConfigurationReference = FC33F8423533DB4455A3726B /* Pods-TFLite-Model-Test.debug.xcconfig */;
			buildSettings = {
				ASSETCATALOG_COMPILER_APPICON_NAME = AppIcon;
				CODE_SIGN_STYLE = Automatic;
				DEVELOPMENT_TEAM = 6PRWMZFPML;
				INFOPLIST_FILE = "TFLite-Model-Test/Info.plist";
				LD_RUNPATH_SEARCH_PATHS = (
					"$(inherited)",
					"@executable_path/Frameworks",
				);
				PRODUCT_BUNDLE_IDENTIFIER = "com.neat.leo.TFLite-Model-Test";
				PRODUCT_NAME = "$(TARGET_NAME)";
				SWIFT_VERSION = 5.0;
				TARGETED_DEVICE_FAMILY = "1,2";
			};
			name = Debug;
		};
		B163BB1022EF770600285E14 /* Release */ = {
			isa = XCBuildConfiguration;
			baseConfigurationReference = 9550BACA08B54B85161D3960 /* Pods-TFLite-Model-Test.release.xcconfig */;
			buildSettings = {
				ASSETCATALOG_COMPILER_APPICON_NAME = AppIcon;
				CODE_SIGN_STYLE = Automatic;
				DEVELOPMENT_TEAM = 6PRWMZFPML;
				INFOPLIST_FILE = "TFLite-Model-Test/Info.plist";
				LD_RUNPATH_SEARCH_PATHS = (
					"$(inherited)",
					"@executable_path/Frameworks",
				);
				PRODUCT_BUNDLE_IDENTIFIER = "com.neat.leo.TFLite-Model-Test";
				PRODUCT_NAME = "$(TARGET_NAME)";
				SWIFT_VERSION = 5.0;
				TARGETED_DEVICE_FAMILY = "1,2";
			};
			name = Release;
		};
		B163BB1222EF770600285E14 /* Debug */ = {
			isa = XCBuildConfiguration;
			baseConfigurationReference = EFC500C9D2E1F0C36AC474E4 /* Pods-TFLite-Model-TestTests.debug.xcconfig */;
			buildSettings = {
				ALWAYS_EMBED_SWIFT_STANDARD_LIBRARIES = YES;
				BUNDLE_LOADER = "$(TEST_HOST)";
				CODE_SIGN_STYLE = Automatic;
				DEVELOPMENT_TEAM = 6PRWMZFPML;
				INFOPLIST_FILE = "TFLite-Model-TestTests/Info.plist";
				LD_RUNPATH_SEARCH_PATHS = (
					"$(inherited)",
					"@executable_path/Frameworks",
					"@loader_path/Frameworks",
				);
				PRODUCT_BUNDLE_IDENTIFIER = "com.neat.leo.TFLite-Model-TestTests";
				PRODUCT_NAME = "$(TARGET_NAME)";
				SWIFT_VERSION = 5.0;
				TARGETED_DEVICE_FAMILY = "1,2";
				TEST_HOST = "$(BUILT_PRODUCTS_DIR)/TFLite-Model-Test.app/TFLite-Model-Test";
			};
			name = Debug;
		};
		B163BB1322EF770600285E14 /* Release */ = {
			isa = XCBuildConfiguration;
			baseConfigurationReference = 54FBA715288ADB4E599DE928 /* Pods-TFLite-Model-TestTests.release.xcconfig */;
			buildSettings = {
				ALWAYS_EMBED_SWIFT_STANDARD_LIBRARIES = YES;
				BUNDLE_LOADER = "$(TEST_HOST)";
				CODE_SIGN_STYLE = Automatic;
				DEVELOPMENT_TEAM = 6PRWMZFPML;
				INFOPLIST_FILE = "TFLite-Model-TestTests/Info.plist";
				LD_RUNPATH_SEARCH_PATHS = (
					"$(inherited)",
					"@executable_path/Frameworks",
					"@loader_path/Frameworks",
				);
				PRODUCT_BUNDLE_IDENTIFIER = "com.neat.leo.TFLite-Model-TestTests";
				PRODUCT_NAME = "$(TARGET_NAME)";
				SWIFT_VERSION = 5.0;
				TARGETED_DEVICE_FAMILY = "1,2";
				TEST_HOST = "$(BUILT_PRODUCTS_DIR)/TFLite-Model-Test.app/TFLite-Model-Test";
			};
			name = Release;
		};
		B163BB1522EF770600285E14 /* Debug */ = {
			isa = XCBuildConfiguration;
			baseConfigurationReference = BF2ED6B69D739D97B130817A /* Pods-TFLite-Model-TestUITests.debug.xcconfig */;
			buildSettings = {
				ALWAYS_EMBED_SWIFT_STANDARD_LIBRARIES = YES;
				CODE_SIGN_STYLE = Automatic;
				DEVELOPMENT_TEAM = 6PRWMZFPML;
				INFOPLIST_FILE = "TFLite-Model-TestUITests/Info.plist";
				LD_RUNPATH_SEARCH_PATHS = (
					"$(inherited)",
					"@executable_path/Frameworks",
					"@loader_path/Frameworks",
				);
				PRODUCT_BUNDLE_IDENTIFIER = "com.neat.leo.TFLite-Model-TestUITests";
				PRODUCT_NAME = "$(TARGET_NAME)";
				SWIFT_VERSION = 5.0;
				TARGETED_DEVICE_FAMILY = "1,2";
				TEST_TARGET_NAME = "TFLite-Model-Test";
			};
			name = Debug;
		};
		B163BB1622EF770600285E14 /* Release */ = {
			isa = XCBuildConfiguration;
			baseConfigurationReference = A73497C15879880DB7B07686 /* Pods-TFLite-Model-TestUITests.release.xcconfig */;
			buildSettings = {
				ALWAYS_EMBED_SWIFT_STANDARD_LIBRARIES = YES;
				CODE_SIGN_STYLE = Automatic;
				DEVELOPMENT_TEAM = 6PRWMZFPML;
				INFOPLIST_FILE = "TFLite-Model-TestUITests/Info.plist";
				LD_RUNPATH_SEARCH_PATHS = (
					"$(inherited)",
					"@executable_path/Frameworks",
					"@loader_path/Frameworks",
				);
				PRODUCT_BUNDLE_IDENTIFIER = "com.neat.leo.TFLite-Model-TestUITests";
				PRODUCT_NAME = "$(TARGET_NAME)";
				SWIFT_VERSION = 5.0;
				TARGETED_DEVICE_FAMILY = "1,2";
				TEST_TARGET_NAME = "TFLite-Model-Test";
			};
			name = Release;
		};
/* End XCBuildConfiguration section */

/* Begin XCConfigurationList section */
		B163BAE122EF770500285E14 /* Build configuration list for PBXProject "TFLite-Model-Test" */ = {
			isa = XCConfigurationList;
			buildConfigurations = (
				B163BB0C22EF770600285E14 /* Debug */,
				B163BB0D22EF770600285E14 /* Release */,
			);
			defaultConfigurationIsVisible = 0;
			defaultConfigurationName = Release;
		};
		B163BB0E22EF770600285E14 /* Build configuration list for PBXNativeTarget "TFLite-Model-Test" */ = {
			isa = XCConfigurationList;
			buildConfigurations = (
				B163BB0F22EF770600285E14 /* Debug */,
				B163BB1022EF770600285E14 /* Release */,
			);
			defaultConfigurationIsVisible = 0;
			defaultConfigurationName = Release;
		};
		B163BB1122EF770600285E14 /* Build configuration list for PBXNativeTarget "TFLite-Model-TestTests" */ = {
			isa = XCConfigurationList;
			buildConfigurations = (
				B163BB1222EF770600285E14 /* Debug */,
				B163BB1322EF770600285E14 /* Release */,
			);
			defaultConfigurationIsVisible = 0;
			defaultConfigurationName = Release;
		};
		B163BB1422EF770600285E14 /* Build configuration list for PBXNativeTarget "TFLite-Model-TestUITests" */ = {
			isa = XCConfigurationList;
			buildConfigurations = (
				B163BB1522EF770600285E14 /* Debug */,
				B163BB1622EF770600285E14 /* Release */,
			);
			defaultConfigurationIsVisible = 0;
			defaultConfigurationName = Release;
		};
/* End XCConfigurationList section */
	};
	rootObject = B163BADE22EF770500285E14 /* Project object */;
}
